
Microsoft Visual Studio Solution File, Format Version 12.00
# Visual Studio Version 16
VisualStudioVersion = 16.0.29123.88
MinimumVisualStudioVersion = 10.0.40219.1
Project("{FAE04EC0-301F-11D3-BF4B-00C04F79EFBC}") = "CSharpTutorial.TupleExample", "CSharpTutorial.Tuple\CSharpTutorial.TupleExample.csproj", "{1BF4E6DC-E8C8-4E32-A1F3-BDBE65172438}"
EndProject
Project("{FAE04EC0-301F-11D3-BF4B-00C04F79EFBC}") = "CSharpTutorial.CollectionExample", "CSharpTutorial.CollectionExample\CSharpTutorial.CollectionExample.csproj", "{E2CAF9BD-2BC6-4971-AF4B-38FBA45FF123}"
EndProject
Project("{FAE04EC0-301F-11D3-BF4B-00C04F79EFBC}") = "CSharpTutorial.ExceptionExample", "CSharpTutorial.Exception\CSharpTutorial.ExceptionExample.csproj", "{0B44F32A-5F8A-4F9D-B52A-80DCD2FEE9F7}"
EndProject
Global
	GlobalSection(SolutionConfigurationPlatforms) = preSolution
		Debug|Any CPU = Debug|Any CPU
		Release|Any CPU = Release|Any CPU
	EndGlobalSection
	GlobalSection(ProjectConfigurationPlatforms) = postSolution
		{1BF4E6DC-E8C8-4E32-A1F3-BDBE65172438}.Debug|Any CPU.ActiveCfg = Debug|Any CPU
		{1BF4E6DC-E8C8-4E32-A1F3-BDBE65172438}.Debug|Any CPU.Build.0 = Debug|Any CPU
		{1BF4E6DC-E8C8-4E32-A1F3-BDBE65172438}.Release|Any CPU.ActiveCfg = Release|Any CPU
		{1BF4E6DC-E8C8-4E32-A1F3-BDBE65172438}.Release|Any CPU.Build.0 = Release|Any CPU
		{E2CAF9BD-2BC6-4971-AF4B-38FBA45FF123}.Debug|Any CPU.ActiveCfg = Debug|Any CPU
		{E2CAF9BD-2BC6-4971-AF4B-38FBA45FF123}.Debug|Any CPU.Build.0 = Debug|Any CPU
		{E2CAF9BD-2BC6-4971-AF4B-38FBA45FF123}.Release|Any CPU.ActiveCfg = Release|Any CPU
		{E2CAF9BD-2BC6-4971-AF4B-38FBA45FF123}.Release|Any CPU.Build.0 = Release|Any CPU
		{0B44F32A-5F8A-4F9D-B52A-80DCD2FEE9F7}.Debug|Any CPU.ActiveCfg = Debug|Any CPU
		{0B44F32A-5F8A-4F9D-B52A-80DCD2FEE9F7}.Debug|Any CPU.Build.0 = Debug|Any CPU
		{0B44F32A-5F8A-4F9D-B52A-80DCD2FEE9F7}.Release|Any CPU.ActiveCfg = Release|Any CPU
		{0B44F32A-5F8A-4F9D-B52A-80DCD2FEE9F7}.Release|Any CPU.Build.0 = Release|Any CPU
	EndGlobalSection
	GlobalSection(SolutionProperties) = preSolution
		HideSolutionNode = FALSE
	EndGlobalSection
	GlobalSection(ExtensibilityGlobals) = postSolution
		SolutionGuid = {AABBEA59-BF66-415C-A080-960B1D575A29}
	EndGlobalSection
EndGlobal
